
Microsoft Visual Studio Solution File, Format Version 12.00
# Visual Studio Version 17
VisualStudioVersion = 17.5.33516.290
MinimumVisualStudioVersion = 10.0.40219.1
Project("{FAE04EC0-301F-11D3-BF4B-00C04F79EFBC}") = "WindowsFormsApp1", "WindowsFormsApp1\WindowsFormsApp1.csproj", "{81C97228-0889-42FC-B633-511A6216ADEC}"
EndProject
Global
	GlobalSection(SolutionConfigurationPlatforms) = preSolution
		Debug|Any CPU = Debug|Any CPU
		Release|Any CPU = Release|Any CPU
	EndGlobalSection
	GlobalSection(ProjectConfigurationPlatforms) = postSolution
		{81C97228-0889-42FC-B633-511A6216ADEC}.Debug|Any CPU.ActiveCfg = Debug|Any CPU
		{81C97228-0889-42FC-B633-511A6216ADEC}.Debug|Any CPU.Build.0 = Debug|Any CPU
		{81C97228-0889-42FC-B633-511A6216ADEC}.Release|Any CPU.ActiveCfg = Release|Any CPU
		{81C97228-0889-42FC-B633-511A6216ADEC}.Release|Any CPU.Build.0 = Release|Any CPU
	EndGlobalSection
	GlobalSection(SolutionProperties) = preSolution
		HideSolutionNode = FALSE
	EndGlobalSection
	GlobalSection(ExtensibilityGlobals) = postSolution
		SolutionGuid = {84629643-DF87-4C22-92EE-2F11379F7F12}
	EndGlobalSection
EndGlobal
